
Microsoft Visual Studio Solution File, Format Version 12.00
# Visual Studio Version 16
VisualStudioVersion = 16.0.30503.244
MinimumVisualStudioVersion = 10.0.40219.1
Project("{151D2E53-A2C4-4D7D-83FE-D05416EBD58E}") = "Jibberwock.Infrastructure.Azure", "Jibberwock.Infrastructure.Azure\Jibberwock.Infrastructure.Azure.deployproj", "{7B886B4D-FA08-425E-BABE-F59C9ED4D432}"
EndProject
Project("{E24C65DC-7377-472B-9ABA-BC803B73C61A}") = "jibberwock.core.web", "jibberwock.core.web\", "{7299B3BD-D746-4EB5-ACBC-3DD9BC7AD3B6}"
	ProjectSection(WebsiteProperties) = preProject
		TargetFrameworkMoniker = ".NETFramework,Version%3Dv4.0"
		Debug.AspNetCompiler.VirtualPath = "/localhost_64716"
		Debug.AspNetCompiler.PhysicalPath = "jibberwock.core.web\"
		Debug.AspNetCompiler.TargetPath = "PrecompiledWeb\localhost_64716\"
		Debug.AspNetCompiler.Updateable = "true"
		Debug.AspNetCompiler.ForceOverwrite = "true"
		Debug.AspNetCompiler.FixedNames = "false"
		Debug.AspNetCompiler.Debug = "True"
		Release.AspNetCompiler.VirtualPath = "/localhost_64716"
		Release.AspNetCompiler.PhysicalPath = "jibberwock.core.web\"
		Release.AspNetCompiler.TargetPath = "PrecompiledWeb\localhost_64716\"
		Release.AspNetCompiler.Updateable = "true"
		Release.AspNetCompiler.ForceOverwrite = "true"
		Release.AspNetCompiler.FixedNames = "false"
		Release.AspNetCompiler.Debug = "False"
		VWDPort = "64716"
		SlnRelativePath = "jibberwock.core.web\"
	EndProjectSection
EndProject
Project("{9A19103F-16F7-4668-BE54-9A1E7A4F7556}") = "Jibberwock.Core.API", "Jibberwock.Core.API\Jibberwock.Core.API.csproj", "{BF73C957-081C-427D-928F-92494A42D2DA}"
EndProject
Project("{2150E333-8FDC-42A3-9474-1A3956D46DE8}") = "2. Core (Website, API, Background Tasks)", "2. Core (Website, API, Background Tasks)", "{C79CDD11-4EB7-48E8-80ED-27C6AA439FD9}"
EndProject
Project("{2150E333-8FDC-42A3-9474-1A3956D46DE8}") = "0. Infrastructure", "0. Infrastructure", "{996D03E9-7174-440D-BBD6-5A78E61CFC19}"
EndProject
Project("{00D1A9C2-B5F0-4AF3-8072-F6C62B433612}") = "Jibberwock.Persistence.Database", "Jibberwock.Persistence.Database\Jibberwock.Persistence.Database.sqlproj", "{ED466F08-C402-4EE7-B347-AC89EB5EF6C3}"
EndProject
Project("{2150E333-8FDC-42A3-9474-1A3956D46DE8}") = "0. Persistence", "0. Persistence", "{28D85004-FBBF-462C-8B18-DE1E75F2B53A}"
EndProject
Project("{9A19103F-16F7-4668-BE54-9A1E7A4F7556}") = "Jibberwock.Core.Background", "Jibberwock.Core.Background\Jibberwock.Core.Background.csproj", "{0780ACAD-093A-4D88-8F1A-F77510299CB7}"
EndProject
Project("{9A19103F-16F7-4668-BE54-9A1E7A4F7556}") = "Jibberwock.DataModels", "Jibberwock.DataModels\Jibberwock.DataModels.csproj", "{5A6A9ECD-92E2-490B-BBC8-835E95F50C55}"
EndProject
Project("{9A19103F-16F7-4668-BE54-9A1E7A4F7556}") = "Jibberwock.Persistence.DataAccess", "Jibberwock.Persistence.DataAccess\Jibberwock.Persistence.DataAccess.csproj", "{CD936F82-F664-48DE-8C21-7D0D8FE79522}"
EndProject
Project("{2150E333-8FDC-42A3-9474-1A3956D46DE8}") = "2. Admin (Website, API, Web hooks)", "2. Admin (Website, API, Web hooks)", "{F3932D0F-E897-43EE-A14B-84D47F1516AF}"
EndProject
Project("{9A19103F-16F7-4668-BE54-9A1E7A4F7556}") = "Jibberwock.Admin.API", "Jibberwock.Admin.API\Jibberwock.Admin.API.csproj", "{BCF28AD3-8491-463B-815E-CE3C4155B915}"
EndProject
Project("{2150E333-8FDC-42A3-9474-1A3956D46DE8}") = "1. Shared", "1. Shared", "{678744E7-A38A-43B0-9803-279F4E466549}"
EndProject
Project("{9A19103F-16F7-4668-BE54-9A1E7A4F7556}") = "Jibberwock.Shared", "Jibberwock.Shared\Jibberwock.Shared.csproj", "{089EFAB4-03B0-4E35-9C5B-5F1A6309DC6B}"
EndProject
Project("{E24C65DC-7377-472B-9ABA-BC803B73C61A}") = "jibberwock.admin.web", "jibberwock.admin.web\", "{8FFFA1AB-B2D6-483C-A6FF-1BFB5DE18F8B}"
	ProjectSection(WebsiteProperties) = preProject
		TargetFrameworkMoniker = ".NETFramework,Version%3Dv4.0"
		Debug.AspNetCompiler.VirtualPath = "/localhost_60406"
		Debug.AspNetCompiler.PhysicalPath = "jibberwock.admin.web\"
		Debug.AspNetCompiler.TargetPath = "PrecompiledWeb\localhost_60406\"
		Debug.AspNetCompiler.Updateable = "true"
		Debug.AspNetCompiler.ForceOverwrite = "true"
		Debug.AspNetCompiler.FixedNames = "false"
		Debug.AspNetCompiler.Debug = "True"
		Release.AspNetCompiler.VirtualPath = "/localhost_60406"
		Release.AspNetCompiler.PhysicalPath = "jibberwock.admin.web\"
		Release.AspNetCompiler.TargetPath = "PrecompiledWeb\localhost_60406\"
		Release.AspNetCompiler.Updateable = "true"
		Release.AspNetCompiler.ForceOverwrite = "true"
		Release.AspNetCompiler.FixedNames = "false"
		Release.AspNetCompiler.Debug = "False"
		VWDPort = "60406"
		SlnRelativePath = "jibberwock.admin.web\"
	EndProjectSection
EndProject
Project("{2150E333-8FDC-42A3-9474-1A3956D46DE8}") = "3. Allert (Website)", "3. Allert (Website)", "{7D6B09F0-2401-45DF-B523-41C1A775FB62}"
EndProject
Project("{E24C65DC-7377-472B-9ABA-BC803B73C61A}") = "jibberwock.allert.web", "jibberwock.allert.web\", "{65123623-BBDF-48BD-B195-4434A731515C}"
	ProjectSection(WebsiteProperties) = preProject
		TargetFrameworkMoniker = ".NETFramework,Version%3Dv4.0"
		Debug.AspNetCompiler.VirtualPath = "/localhost_53826"
		Debug.AspNetCompiler.PhysicalPath = "jibberwock.allert.web\"
		Debug.AspNetCompiler.TargetPath = "PrecompiledWeb\localhost_53826\"
		Debug.AspNetCompiler.Updateable = "true"
		Debug.AspNetCompiler.ForceOverwrite = "true"
		Debug.AspNetCompiler.FixedNames = "false"
		Debug.AspNetCompiler.Debug = "True"
		Release.AspNetCompiler.VirtualPath = "/localhost_53826"
		Release.AspNetCompiler.PhysicalPath = "jibberwock.allert.web\"
		Release.AspNetCompiler.TargetPath = "PrecompiledWeb\localhost_53826\"
		Release.AspNetCompiler.Updateable = "true"
		Release.AspNetCompiler.ForceOverwrite = "true"
		Release.AspNetCompiler.FixedNames = "false"
		Release.AspNetCompiler.Debug = "False"
		VWDPort = "53826"
		SlnRelativePath = "jibberwock.allert.web\"
	EndProjectSection
EndProject
Global
	GlobalSection(SolutionConfigurationPlatforms) = preSolution
		Debug|Any CPU = Debug|Any CPU
		Release|Any CPU = Release|Any CPU
	EndGlobalSection
	GlobalSection(ProjectConfigurationPlatforms) = postSolution
		{7B886B4D-FA08-425E-BABE-F59C9ED4D432}.Debug|Any CPU.ActiveCfg = Debug|Any CPU
		{7B886B4D-FA08-425E-BABE-F59C9ED4D432}.Debug|Any CPU.Build.0 = Debug|Any CPU
		{7B886B4D-FA08-425E-BABE-F59C9ED4D432}.Release|Any CPU.ActiveCfg = Release|Any CPU
		{7B886B4D-FA08-425E-BABE-F59C9ED4D432}.Release|Any CPU.Build.0 = Release|Any CPU
		{7299B3BD-D746-4EB5-ACBC-3DD9BC7AD3B6}.Debug|Any CPU.ActiveCfg = Debug|Any CPU
		{7299B3BD-D746-4EB5-ACBC-3DD9BC7AD3B6}.Debug|Any CPU.Build.0 = Debug|Any CPU
		{7299B3BD-D746-4EB5-ACBC-3DD9BC7AD3B6}.Release|Any CPU.ActiveCfg = Debug|Any CPU
		{7299B3BD-D746-4EB5-ACBC-3DD9BC7AD3B6}.Release|Any CPU.Build.0 = Debug|Any CPU
		{BF73C957-081C-427D-928F-92494A42D2DA}.Debug|Any CPU.ActiveCfg = Debug|Any CPU
		{BF73C957-081C-427D-928F-92494A42D2DA}.Debug|Any CPU.Build.0 = Debug|Any CPU
		{BF73C957-081C-427D-928F-92494A42D2DA}.Release|Any CPU.ActiveCfg = Release|Any CPU
		{BF73C957-081C-427D-928F-92494A42D2DA}.Release|Any CPU.Build.0 = Release|Any CPU
		{ED466F08-C402-4EE7-B347-AC89EB5EF6C3}.Debug|Any CPU.ActiveCfg = Debug|Any CPU
		{ED466F08-C402-4EE7-B347-AC89EB5EF6C3}.Debug|Any CPU.Build.0 = Debug|Any CPU
		{ED466F08-C402-4EE7-B347-AC89EB5EF6C3}.Debug|Any CPU.Deploy.0 = Debug|Any CPU
		{ED466F08-C402-4EE7-B347-AC89EB5EF6C3}.Release|Any CPU.ActiveCfg = Release|Any CPU
		{ED466F08-C402-4EE7-B347-AC89EB5EF6C3}.Release|Any CPU.Build.0 = Release|Any CPU
		{ED466F08-C402-4EE7-B347-AC89EB5EF6C3}.Release|Any CPU.Deploy.0 = Release|Any CPU
		{0780ACAD-093A-4D88-8F1A-F77510299CB7}.Debug|Any CPU.ActiveCfg = Debug|Any CPU
		{0780ACAD-093A-4D88-8F1A-F77510299CB7}.Debug|Any CPU.Build.0 = Debug|Any CPU
		{0780ACAD-093A-4D88-8F1A-F77510299CB7}.Release|Any CPU.ActiveCfg = Release|Any CPU
		{0780ACAD-093A-4D88-8F1A-F77510299CB7}.Release|Any CPU.Build.0 = Release|Any CPU
		{5A6A9ECD-92E2-490B-BBC8-835E95F50C55}.Debug|Any CPU.ActiveCfg = Debug|Any CPU
		{5A6A9ECD-92E2-490B-BBC8-835E95F50C55}.Debug|Any CPU.Build.0 = Debug|Any CPU
		{5A6A9ECD-92E2-490B-BBC8-835E95F50C55}.Release|Any CPU.ActiveCfg = Release|Any CPU
		{5A6A9ECD-92E2-490B-BBC8-835E95F50C55}.Release|Any CPU.Build.0 = Release|Any CPU
		{CD936F82-F664-48DE-8C21-7D0D8FE79522}.Debug|Any CPU.ActiveCfg = Debug|Any CPU
		{CD936F82-F664-48DE-8C21-7D0D8FE79522}.Debug|Any CPU.Build.0 = Debug|Any CPU
		{CD936F82-F664-48DE-8C21-7D0D8FE79522}.Release|Any CPU.ActiveCfg = Release|Any CPU
		{CD936F82-F664-48DE-8C21-7D0D8FE79522}.Release|Any CPU.Build.0 = Release|Any CPU
		{BCF28AD3-8491-463B-815E-CE3C4155B915}.Debug|Any CPU.ActiveCfg = Debug|Any CPU
		{BCF28AD3-8491-463B-815E-CE3C4155B915}.Debug|Any CPU.Build.0 = Debug|Any CPU
		{BCF28AD3-8491-463B-815E-CE3C4155B915}.Release|Any CPU.ActiveCfg = Release|Any CPU
		{BCF28AD3-8491-463B-815E-CE3C4155B915}.Release|Any CPU.Build.0 = Release|Any CPU
		{089EFAB4-03B0-4E35-9C5B-5F1A6309DC6B}.Debug|Any CPU.ActiveCfg = Debug|Any CPU
		{089EFAB4-03B0-4E35-9C5B-5F1A6309DC6B}.Debug|Any CPU.Build.0 = Debug|Any CPU
		{089EFAB4-03B0-4E35-9C5B-5F1A6309DC6B}.Release|Any CPU.ActiveCfg = Release|Any CPU
		{089EFAB4-03B0-4E35-9C5B-5F1A6309DC6B}.Release|Any CPU.Build.0 = Release|Any CPU
		{8FFFA1AB-B2D6-483C-A6FF-1BFB5DE18F8B}.Debug|Any CPU.ActiveCfg = Debug|Any CPU
		{8FFFA1AB-B2D6-483C-A6FF-1BFB5DE18F8B}.Debug|Any CPU.Build.0 = Debug|Any CPU
		{8FFFA1AB-B2D6-483C-A6FF-1BFB5DE18F8B}.Release|Any CPU.ActiveCfg = Debug|Any CPU
		{8FFFA1AB-B2D6-483C-A6FF-1BFB5DE18F8B}.Release|Any CPU.Build.0 = Debug|Any CPU
		{65123623-BBDF-48BD-B195-4434A731515C}.Debug|Any CPU.ActiveCfg = Debug|Any CPU
		{65123623-BBDF-48BD-B195-4434A731515C}.Debug|Any CPU.Build.0 = Debug|Any CPU
		{65123623-BBDF-48BD-B195-4434A731515C}.Release|Any CPU.ActiveCfg = Debug|Any CPU
		{65123623-BBDF-48BD-B195-4434A731515C}.Release|Any CPU.Build.0 = Debug|Any CPU
	EndGlobalSection
	GlobalSection(SolutionProperties) = preSolution
		HideSolutionNode = FALSE
	EndGlobalSection
	GlobalSection(NestedProjects) = preSolution
		{7B886B4D-FA08-425E-BABE-F59C9ED4D432} = {996D03E9-7174-440D-BBD6-5A78E61CFC19}
		{7299B3BD-D746-4EB5-ACBC-3DD9BC7AD3B6} = {C79CDD11-4EB7-48E8-80ED-27C6AA439FD9}
		{BF73C957-081C-427D-928F-92494A42D2DA} = {C79CDD11-4EB7-48E8-80ED-27C6AA439FD9}
		{ED466F08-C402-4EE7-B347-AC89EB5EF6C3} = {28D85004-FBBF-462C-8B18-DE1E75F2B53A}
		{0780ACAD-093A-4D88-8F1A-F77510299CB7} = {C79CDD11-4EB7-48E8-80ED-27C6AA439FD9}
		{5A6A9ECD-92E2-490B-BBC8-835E95F50C55} = {28D85004-FBBF-462C-8B18-DE1E75F2B53A}
		{CD936F82-F664-48DE-8C21-7D0D8FE79522} = {28D85004-FBBF-462C-8B18-DE1E75F2B53A}
		{BCF28AD3-8491-463B-815E-CE3C4155B915} = {F3932D0F-E897-43EE-A14B-84D47F1516AF}
		{089EFAB4-03B0-4E35-9C5B-5F1A6309DC6B} = {678744E7-A38A-43B0-9803-279F4E466549}
		{8FFFA1AB-B2D6-483C-A6FF-1BFB5DE18F8B} = {F3932D0F-E897-43EE-A14B-84D47F1516AF}
		{65123623-BBDF-48BD-B195-4434A731515C} = {7D6B09F0-2401-45DF-B523-41C1A775FB62}
	EndGlobalSection
	GlobalSection(ExtensibilityGlobals) = postSolution
		SolutionGuid = {380281A3-7275-419E-A9E3-101B6DB5DA5C}
	EndGlobalSection
EndGlobal
