
Microsoft Visual Studio Solution File, Format Version 12.00
# Visual Studio Version 16
VisualStudioVersion = 16.0.30503.244
MinimumVisualStudioVersion = 10.0.40219.1
Project("{151D2E53-A2C4-4D7D-83FE-D05416EBD58E}") = "Jibberwock.Infrastructure.Azure", "Jibberwock.Infrastructure.Azure\Jibberwock.Infrastructure.Azure.deployproj", "{7B886B4D-FA08-425E-BABE-F59C9ED4D432}"
EndProject
Project("{E24C65DC-7377-472B-9ABA-BC803B73C61A}") = "jibberwock.core.web", "jibberwock.core.web\", "{7299B3BD-D746-4EB5-ACBC-3DD9BC7AD3B6}"
	ProjectSection(WebsiteProperties) = preProject
		TargetFrameworkMoniker = ".NETFramework,Version%3Dv4.0"
		Debug.AspNetCompiler.VirtualPath = "/localhost_64716"
		Debug.AspNetCompiler.PhysicalPath = "jibberwock.core.web\"
		Debug.AspNetCompiler.TargetPath = "PrecompiledWeb\localhost_64716\"
		Debug.AspNetCompiler.Updateable = "true"
		Debug.AspNetCompiler.ForceOverwrite = "true"
		Debug.AspNetCompiler.FixedNames = "false"
		Debug.AspNetCompiler.Debug = "True"
		Release.AspNetCompiler.VirtualPath = "/localhost_64716"
		Release.AspNetCompiler.PhysicalPath = "jibberwock.core.web\"
		Release.AspNetCompiler.TargetPath = "PrecompiledWeb\localhost_64716\"
		Release.AspNetCompiler.Updateable = "true"
		Release.AspNetCompiler.ForceOverwrite = "true"
		Release.AspNetCompiler.FixedNames = "false"
		Release.AspNetCompiler.Debug = "False"
		VWDPort = "64716"
		SlnRelativePath = "jibberwock.core.web\"
	EndProjectSection
EndProject
Project("{9A19103F-16F7-4668-BE54-9A1E7A4F7556}") = "Jibberwock.Infrastructure.AzureFunctionsProxy", "Jibberwock.Infrastructure.AzureFunctionsProxy\Jibberwock.Infrastructure.AzureFunctionsProxy.csproj", "{05292F48-A66B-4619-9FFC-61A0D8425784}"
EndProject
Project("{FAE04EC0-301F-11D3-BF4B-00C04F79EFBC}") = "Jibberwock.Core.API", "Jibberwock.Core.API\Jibberwock.Core.API.csproj", "{BF73C957-081C-427D-928F-92494A42D2DA}"
EndProject
Project("{2150E333-8FDC-42A3-9474-1A3956D46DE8}") = "Core (Website, API, Background Tasks)", "Core (Website, API, Background Tasks)", "{C79CDD11-4EB7-48E8-80ED-27C6AA439FD9}"
EndProject
Project("{2150E333-8FDC-42A3-9474-1A3956D46DE8}") = "Infrastructure", "Infrastructure", "{996D03E9-7174-440D-BBD6-5A78E61CFC19}"
EndProject
Project("{00D1A9C2-B5F0-4AF3-8072-F6C62B433612}") = "Jibberwock.Persistence.Database", "Jibberwock.Persistence.Database\Jibberwock.Persistence.Database.sqlproj", "{ED466F08-C402-4EE7-B347-AC89EB5EF6C3}"
EndProject
Project("{2150E333-8FDC-42A3-9474-1A3956D46DE8}") = "Persistence", "Persistence", "{28D85004-FBBF-462C-8B18-DE1E75F2B53A}"
EndProject
Project("{FAE04EC0-301F-11D3-BF4B-00C04F79EFBC}") = "Jibberwock.Core.Background", "Jibberwock.Core.Background\Jibberwock.Core.Background.csproj", "{0780ACAD-093A-4D88-8F1A-F77510299CB7}"
EndProject
Global
	GlobalSection(SolutionConfigurationPlatforms) = preSolution
		Debug|Any CPU = Debug|Any CPU
		Release|Any CPU = Release|Any CPU
	EndGlobalSection
	GlobalSection(ProjectConfigurationPlatforms) = postSolution
		{7B886B4D-FA08-425E-BABE-F59C9ED4D432}.Debug|Any CPU.ActiveCfg = Debug|Any CPU
		{7B886B4D-FA08-425E-BABE-F59C9ED4D432}.Debug|Any CPU.Build.0 = Debug|Any CPU
		{7B886B4D-FA08-425E-BABE-F59C9ED4D432}.Release|Any CPU.ActiveCfg = Release|Any CPU
		{7B886B4D-FA08-425E-BABE-F59C9ED4D432}.Release|Any CPU.Build.0 = Release|Any CPU
		{7299B3BD-D746-4EB5-ACBC-3DD9BC7AD3B6}.Debug|Any CPU.ActiveCfg = Debug|Any CPU
		{7299B3BD-D746-4EB5-ACBC-3DD9BC7AD3B6}.Debug|Any CPU.Build.0 = Debug|Any CPU
		{7299B3BD-D746-4EB5-ACBC-3DD9BC7AD3B6}.Release|Any CPU.ActiveCfg = Debug|Any CPU
		{7299B3BD-D746-4EB5-ACBC-3DD9BC7AD3B6}.Release|Any CPU.Build.0 = Debug|Any CPU
		{05292F48-A66B-4619-9FFC-61A0D8425784}.Debug|Any CPU.ActiveCfg = Debug|Any CPU
		{05292F48-A66B-4619-9FFC-61A0D8425784}.Debug|Any CPU.Build.0 = Debug|Any CPU
		{05292F48-A66B-4619-9FFC-61A0D8425784}.Release|Any CPU.ActiveCfg = Release|Any CPU
		{05292F48-A66B-4619-9FFC-61A0D8425784}.Release|Any CPU.Build.0 = Release|Any CPU
		{BF73C957-081C-427D-928F-92494A42D2DA}.Debug|Any CPU.ActiveCfg = Debug|Any CPU
		{BF73C957-081C-427D-928F-92494A42D2DA}.Debug|Any CPU.Build.0 = Debug|Any CPU
		{BF73C957-081C-427D-928F-92494A42D2DA}.Release|Any CPU.ActiveCfg = Release|Any CPU
		{BF73C957-081C-427D-928F-92494A42D2DA}.Release|Any CPU.Build.0 = Release|Any CPU
		{ED466F08-C402-4EE7-B347-AC89EB5EF6C3}.Debug|Any CPU.ActiveCfg = Debug|Any CPU
		{ED466F08-C402-4EE7-B347-AC89EB5EF6C3}.Debug|Any CPU.Build.0 = Debug|Any CPU
		{ED466F08-C402-4EE7-B347-AC89EB5EF6C3}.Debug|Any CPU.Deploy.0 = Debug|Any CPU
		{ED466F08-C402-4EE7-B347-AC89EB5EF6C3}.Release|Any CPU.ActiveCfg = Release|Any CPU
		{ED466F08-C402-4EE7-B347-AC89EB5EF6C3}.Release|Any CPU.Build.0 = Release|Any CPU
		{ED466F08-C402-4EE7-B347-AC89EB5EF6C3}.Release|Any CPU.Deploy.0 = Release|Any CPU
		{0780ACAD-093A-4D88-8F1A-F77510299CB7}.Debug|Any CPU.ActiveCfg = Debug|Any CPU
		{0780ACAD-093A-4D88-8F1A-F77510299CB7}.Debug|Any CPU.Build.0 = Debug|Any CPU
		{0780ACAD-093A-4D88-8F1A-F77510299CB7}.Release|Any CPU.ActiveCfg = Release|Any CPU
		{0780ACAD-093A-4D88-8F1A-F77510299CB7}.Release|Any CPU.Build.0 = Release|Any CPU
	EndGlobalSection
	GlobalSection(SolutionProperties) = preSolution
		HideSolutionNode = FALSE
	EndGlobalSection
	GlobalSection(NestedProjects) = preSolution
		{7B886B4D-FA08-425E-BABE-F59C9ED4D432} = {996D03E9-7174-440D-BBD6-5A78E61CFC19}
		{7299B3BD-D746-4EB5-ACBC-3DD9BC7AD3B6} = {C79CDD11-4EB7-48E8-80ED-27C6AA439FD9}
		{05292F48-A66B-4619-9FFC-61A0D8425784} = {996D03E9-7174-440D-BBD6-5A78E61CFC19}
		{BF73C957-081C-427D-928F-92494A42D2DA} = {C79CDD11-4EB7-48E8-80ED-27C6AA439FD9}
		{ED466F08-C402-4EE7-B347-AC89EB5EF6C3} = {28D85004-FBBF-462C-8B18-DE1E75F2B53A}
		{0780ACAD-093A-4D88-8F1A-F77510299CB7} = {C79CDD11-4EB7-48E8-80ED-27C6AA439FD9}
	EndGlobalSection
	GlobalSection(ExtensibilityGlobals) = postSolution
		SolutionGuid = {380281A3-7275-419E-A9E3-101B6DB5DA5C}
	EndGlobalSection
EndGlobal
